
Microsoft Visual Studio Solution File, Format Version 12.00
# Visual Studio Version 16
VisualStudioVersion = 16.0.809.4
MinimumVisualStudioVersion = 10.0.40219.1
Project("{FAE04EC0-301F-11D3-BF4B-00C04F79EFBC}") = "ServiceApi", "ServiceApi\ServiceApi.csproj", "{874FAC81-32E8-4EB3-B307-2A29FF02D02D}"
EndProject
Global
	GlobalSection(SolutionConfigurationPlatforms) = preSolution
		Debug|Any CPU = Debug|Any CPU
		Release|Any CPU = Release|Any CPU
	EndGlobalSection
	GlobalSection(ProjectConfigurationPlatforms) = postSolution
		{874FAC81-32E8-4EB3-B307-2A29FF02D02D}.Debug|Any CPU.ActiveCfg = Debug|Any CPU
		{874FAC81-32E8-4EB3-B307-2A29FF02D02D}.Debug|Any CPU.Build.0 = Debug|Any CPU
		{874FAC81-32E8-4EB3-B307-2A29FF02D02D}.Release|Any CPU.ActiveCfg = Release|Any CPU
		{874FAC81-32E8-4EB3-B307-2A29FF02D02D}.Release|Any CPU.Build.0 = Release|Any CPU
	EndGlobalSection
	GlobalSection(SolutionProperties) = preSolution
		HideSolutionNode = FALSE
	EndGlobalSection
	GlobalSection(ExtensibilityGlobals) = postSolution
		SolutionGuid = {EA1158B6-2F50-451E-A5DD-1FC0F5354383}
	EndGlobalSection
EndGlobal
